
Microsoft Visual Studio Solution File, Format Version 12.00
# Visual Studio Version 17
VisualStudioVersion = 17.3.32804.467
MinimumVisualStudioVersion = 10.0.40219.1
Project("{FAE04EC0-301F-11D3-BF4B-00C04F79EFBC}") = "YoutubeVideoDownloader", "YoutubeVideoDownloader.csproj", "{82A35DFE-E4D0-4249-9712-AE56798CC1CE}"
EndProject
Global
	GlobalSection(SolutionConfigurationPlatforms) = preSolution
		Debug|Any CPU = Debug|Any CPU
		Release|Any CPU = Release|Any CPU
	EndGlobalSection
	GlobalSection(ProjectConfigurationPlatforms) = postSolution
		{82A35DFE-E4D0-4249-9712-AE56798CC1CE}.Debug|Any CPU.ActiveCfg = Debug|Any CPU
		{82A35DFE-E4D0-4249-9712-AE56798CC1CE}.Debug|Any CPU.Build.0 = Debug|Any CPU
		{82A35DFE-E4D0-4249-9712-AE56798CC1CE}.Release|Any CPU.ActiveCfg = Release|Any CPU
		{82A35DFE-E4D0-4249-9712-AE56798CC1CE}.Release|Any CPU.Build.0 = Release|Any CPU
	EndGlobalSection
	GlobalSection(SolutionProperties) = preSolution
		HideSolutionNode = FALSE
	EndGlobalSection
	GlobalSection(ExtensibilityGlobals) = postSolution
		SolutionGuid = {50AB36E8-4663-458E-89EC-FCDFB959A2C2}
	EndGlobalSection
EndGlobal
